# THIS IS AN AUTOGENERATED FILE. DO NOT EDIT THIS FILE DIRECTLY.
# yarn lockfile v1


"@ionic/core@^4.11.7":
  version "4.11.10"
  resolved "https://registry.yarnpkg.com/@ionic/core/-/core-4.11.10.tgz#1aa5f2e31b8d0c741471af9c272964c34155ab5a"
  integrity sha512-PeonKl5E+VOTBeKDr83y0N/1wbfkZ5jV3PSJTsVPE3Q15LxGEO0GzBvVMgkmkssuqOI3WJPXxYWZVL8ejzSFOQ==
  dependencies:
    ionicons "^4.6.3"
    tslib "^1.10.0"

"@stencil/core@^1.8.4":
  version "1.8.7"
  resolved "https://registry.yarnpkg.com/@stencil/core/-/core-1.8.7.tgz#8e5d8f8b0eb71a00e5ba38e57fd777fdd4a82df8"
  integrity sha512-5nlb2VIDjAiwpHogsy8/p7TR5ni4I1S9mfLZcgmsR1zx1b9F1jRCA16E4oWF+tS+QV5AWURCSZOJJrQQqWSMww==
  dependencies:
    typescript "3.7.5"

"@stencil/sass@1.1.1":
  version "1.1.1"
  resolved "https://registry.yarnpkg.com/@stencil/sass/-/sass-1.1.1.tgz#866e146557b2dba213ca5455b07d49a17d918a52"
  integrity sha512-Nny3JiFkpQa0RdXWCa4pzhKQYnHuDNzC9c4w35FcaZHXBVuZ1UHSHc7wI7By9SS1auYcySqpPOBVzgoCqXcYVQ==

ionicons@^4.6.3:
  version "4.6.3"
  resolved "https://registry.yarnpkg.com/ionicons/-/ionicons-4.6.3.tgz#e4f3a3e9b66761eb8c0db27798cc1a8ce97777d2"
  integrity sha512-cgP+VIr2cTJpMfFyVHTerq6n2jeoiGboVoe3GlaAo5zoSBDAEXORwUZhv6m+lCyxlsHCS3nqPUE+MKyZU71t8Q==

tslib@^1.10.0:
  version "1.10.0"
  resolved "https://registry.yarnpkg.com/tslib/-/tslib-1.10.0.tgz#c3c19f95973fb0a62973fb09d90d961ee43e5c8a"
  integrity sha512-qOebF53frne81cf0S9B41ByenJ3/IuH8yJKngAX35CmiZySA0khhkovshKK+jGCaMnVomla7gVlIcc3EvKPbTQ==

typescript@3.7.5:
  version "3.7.5"
  resolved "https://registry.yarnpkg.com/typescript/-/typescript-3.7.5.tgz#0692e21f65fd4108b9330238aac11dd2e177a1ae"
  integrity sha512-/P5lkRXkWHNAbcJIiHPfRoKqyd7bsyCma1hZNUGfn20qm64T6ZBlrzprymeu918H+mB/0rIg2gGK/BXkhhYgBw==
